
Microsoft Visual Studio Solution File, Format Version 11.00
# Visual Studio 2010
Project("{FAE04EC0-301F-11D3-BF4B-00C04F79EFBC}") = "TangoCard.Sdk", "TangoCard.Sdk\TangoCard.Sdk.csproj", "{49040311-3BB2-4B9E-9F4D-B8A9629B694D}"
EndProject
Project("{FAE04EC0-301F-11D3-BF4B-00C04F79EFBC}") = "TangoCard.Sdk.Examples", "TangoCard.Sdk.Examples\TangoCard.Sdk.Examples.csproj", "{6A11EF88-2329-4194-8951-CE5B46BE94E5}"
EndProject
Project("{FAE04EC0-301F-11D3-BF4B-00C04F79EFBC}") = "TangoCard.Sdk.Unittests", "TangoCard.Sdk.Unittests\TangoCard.Sdk.Unittests.csproj", "{B6D28B21-2FFD-4CA0-B013-96B9EB36C662}"
EndProject
Project("{2150E333-8FDC-42A3-9474-1A3956D46DE8}") = "Solution Items", "Solution Items", "{4627DC8C-1FFC-46EE-B8B8-80FC54D8A3E8}"
	ProjectSection(SolutionItems) = preProject
		Local.testsettings = Local.testsettings
		TangoCard_DotNet_SDK.vsmdi = TangoCard_DotNet_SDK.vsmdi
		TraceAndTestImpact.testsettings = TraceAndTestImpact.testsettings
	EndProjectSection
EndProject
Project("{7CF6DF6D-3B04-46F8-A40B-537D21BCA0B4}") = "TangoCard.Sdk.Sandcastle", "TangoCard.Sdk.Sandcastle\TangoCard.Sdk.Sandcastle.shfbproj", "{701A1532-AB42-4999-B795-062EA4436915}"
EndProject
Global
	GlobalSection(TestCaseManagementSettings) = postSolution
		CategoryFile = TangoCard_DotNet_SDK.vsmdi
	EndGlobalSection
	GlobalSection(SolutionConfigurationPlatforms) = preSolution
		Debug|Any CPU = Debug|Any CPU
		Debug|Mixed Platforms = Debug|Mixed Platforms
		Debug|x86 = Debug|x86
		Release|Any CPU = Release|Any CPU
		Release|Mixed Platforms = Release|Mixed Platforms
		Release|x86 = Release|x86
	EndGlobalSection
	GlobalSection(ProjectConfigurationPlatforms) = postSolution
		{49040311-3BB2-4B9E-9F4D-B8A9629B694D}.Debug|Any CPU.ActiveCfg = Debug|Any CPU
		{49040311-3BB2-4B9E-9F4D-B8A9629B694D}.Debug|Any CPU.Build.0 = Debug|Any CPU
		{49040311-3BB2-4B9E-9F4D-B8A9629B694D}.Debug|Mixed Platforms.ActiveCfg = Debug|Any CPU
		{49040311-3BB2-4B9E-9F4D-B8A9629B694D}.Debug|Mixed Platforms.Build.0 = Debug|Any CPU
		{49040311-3BB2-4B9E-9F4D-B8A9629B694D}.Debug|x86.ActiveCfg = Debug|Any CPU
		{49040311-3BB2-4B9E-9F4D-B8A9629B694D}.Release|Any CPU.ActiveCfg = Release|Any CPU
		{49040311-3BB2-4B9E-9F4D-B8A9629B694D}.Release|Any CPU.Build.0 = Release|Any CPU
		{49040311-3BB2-4B9E-9F4D-B8A9629B694D}.Release|Mixed Platforms.ActiveCfg = Release|Any CPU
		{49040311-3BB2-4B9E-9F4D-B8A9629B694D}.Release|Mixed Platforms.Build.0 = Release|Any CPU
		{49040311-3BB2-4B9E-9F4D-B8A9629B694D}.Release|x86.ActiveCfg = Release|Any CPU
		{6A11EF88-2329-4194-8951-CE5B46BE94E5}.Debug|Any CPU.ActiveCfg = Debug|x86
		{6A11EF88-2329-4194-8951-CE5B46BE94E5}.Debug|Mixed Platforms.ActiveCfg = Debug|x86
		{6A11EF88-2329-4194-8951-CE5B46BE94E5}.Debug|Mixed Platforms.Build.0 = Debug|x86
		{6A11EF88-2329-4194-8951-CE5B46BE94E5}.Debug|x86.ActiveCfg = Debug|x86
		{6A11EF88-2329-4194-8951-CE5B46BE94E5}.Debug|x86.Build.0 = Debug|x86
		{6A11EF88-2329-4194-8951-CE5B46BE94E5}.Release|Any CPU.ActiveCfg = Release|x86
		{6A11EF88-2329-4194-8951-CE5B46BE94E5}.Release|Mixed Platforms.ActiveCfg = Release|x86
		{6A11EF88-2329-4194-8951-CE5B46BE94E5}.Release|Mixed Platforms.Build.0 = Release|x86
		{6A11EF88-2329-4194-8951-CE5B46BE94E5}.Release|x86.ActiveCfg = Release|x86
		{6A11EF88-2329-4194-8951-CE5B46BE94E5}.Release|x86.Build.0 = Release|x86
		{B6D28B21-2FFD-4CA0-B013-96B9EB36C662}.Debug|Any CPU.ActiveCfg = Debug|Any CPU
		{B6D28B21-2FFD-4CA0-B013-96B9EB36C662}.Debug|Any CPU.Build.0 = Debug|Any CPU
		{B6D28B21-2FFD-4CA0-B013-96B9EB36C662}.Debug|Mixed Platforms.ActiveCfg = Debug|Any CPU
		{B6D28B21-2FFD-4CA0-B013-96B9EB36C662}.Debug|Mixed Platforms.Build.0 = Debug|Any CPU
		{B6D28B21-2FFD-4CA0-B013-96B9EB36C662}.Debug|x86.ActiveCfg = Debug|Any CPU
		{B6D28B21-2FFD-4CA0-B013-96B9EB36C662}.Release|Any CPU.ActiveCfg = Release|Any CPU
		{B6D28B21-2FFD-4CA0-B013-96B9EB36C662}.Release|Any CPU.Build.0 = Release|Any CPU
		{B6D28B21-2FFD-4CA0-B013-96B9EB36C662}.Release|Mixed Platforms.ActiveCfg = Release|Any CPU
		{B6D28B21-2FFD-4CA0-B013-96B9EB36C662}.Release|Mixed Platforms.Build.0 = Release|Any CPU
		{B6D28B21-2FFD-4CA0-B013-96B9EB36C662}.Release|x86.ActiveCfg = Release|Any CPU
		{701A1532-AB42-4999-B795-062EA4436915}.Debug|Any CPU.ActiveCfg = Debug|Any CPU
		{701A1532-AB42-4999-B795-062EA4436915}.Debug|Any CPU.Build.0 = Debug|Any CPU
		{701A1532-AB42-4999-B795-062EA4436915}.Debug|Mixed Platforms.ActiveCfg = Debug|Any CPU
		{701A1532-AB42-4999-B795-062EA4436915}.Debug|Mixed Platforms.Build.0 = Debug|Any CPU
		{701A1532-AB42-4999-B795-062EA4436915}.Debug|x86.ActiveCfg = Debug|Any CPU
		{701A1532-AB42-4999-B795-062EA4436915}.Release|Any CPU.ActiveCfg = Release|Any CPU
		{701A1532-AB42-4999-B795-062EA4436915}.Release|Any CPU.Build.0 = Release|Any CPU
		{701A1532-AB42-4999-B795-062EA4436915}.Release|Mixed Platforms.ActiveCfg = Release|Any CPU
		{701A1532-AB42-4999-B795-062EA4436915}.Release|Mixed Platforms.Build.0 = Release|Any CPU
		{701A1532-AB42-4999-B795-062EA4436915}.Release|x86.ActiveCfg = Release|Any CPU
	EndGlobalSection
	GlobalSection(SolutionProperties) = preSolution
		HideSolutionNode = FALSE
	EndGlobalSection
EndGlobal
